<?xml version="1.0" encoding="utf-8"?>
<Project ToolsVersion="4.0" xmlns="http://schemas.microsoft.com/developer/msbuild/2003">
  <ItemGroup>
    <Filter Include="Driver">
      <UniqueIdentifier>{45812714-30ac-461f-ac44-724c4f854ba0}</UniqueIdentifier>
    </Filter>
    <Filter Include="VgaDump">
      <UniqueIdentifier>{2d18c3e2-567f-4d3c-bf23-a0391bf455cf}</UniqueIdentifier>
    </Filter>
  </ItemGroup>
  <ItemGroup>
    <ClCompile Include="Driver.c">
      <Filter>Driver</Filter>
    </ClCompile>
    <ClCompile Include="VgaDump.c">
      <Filter>VgaDump</Filter>
    </ClCompile>
  </ItemGroup>
  <ItemGroup>
    <ClInclude Include="VgaDump.h">
      <Filter>VgaDump</Filter>
    </ClInclude>
  </ItemGroup>
</Project>