
Microsoft Visual Studio Solution File, Format Version 12.00
# Visual Studio 14
VisualStudioVersion = 14.0.25420.1
MinimumVisualStudioVersion = 10.0.40219.1
Project("{8BC9CEB8-8B4A-11D0-8D11-00A0C91BC942}") = "DrunkenIronman", "DrunkenIronman\DrunkenIronman.vcxproj", "{8BE6DAED-7FC8-4234-8F0F-B3C1A13FEC03}"
	ProjectSection(ProjectDependencies) = postProject
		{63F38659-A757-4CBE-B92D-A9FEE1E1D5CF} = {63F38659-A757-4CBE-B92D-A9FEE1E1D5CF}
	EndProjectSection
EndProject
Project("{8BC9CEB8-8B4A-11D0-8D11-00A0C91BC942}") = "Drink", "Drink\Drink.vcxproj", "{63F38659-A757-4CBE-B92D-A9FEE1E1D5CF}"
EndProject
Project("{2150E333-8FDC-42A3-9474-1A3956D46DE8}") = "Shared", "Shared", "{D4499951-739C-490E-8CE4-678658A0C3B8}"
	ProjectSection(SolutionItems) = preProject
		Shared\Common.h = Shared\Common.h
		Shared\Drink.h = Shared\Drink.h
	EndProjectSection
EndProject
Project("{2150E333-8FDC-42A3-9474-1A3956D46DE8}") = "Solution Items", "Solution Items", "{E8D478BE-82E7-426E-860F-3AF376FFEBF0}"
	ProjectSection(SolutionItems) = preProject
		LICENSE = LICENSE
		README.md = README.md
		Screenshot.bmp = Screenshot.bmp
	EndProjectSection
EndProject
Project("{2150E333-8FDC-42A3-9474-1A3956D46DE8}") = "Docs", "Docs", "{C5300296-1498-466C-A585-9A0A14083630}"
	ProjectSection(SolutionItems) = preProject
		Docs\VgaDump.md = Docs\VgaDump.md
		Docs\VgaDump_0.png = Docs\VgaDump_0.png
		Docs\VgaDump_1.png = Docs\VgaDump_1.png
	EndProjectSection
EndProject
Global
	GlobalSection(SolutionConfigurationPlatforms) = preSolution
		Debug|x64 = Debug|x64
		Debug|x86 = Debug|x86
		Release|x64 = Release|x64
		Release|x86 = Release|x86
	EndGlobalSection
	GlobalSection(ProjectConfigurationPlatforms) = postSolution
		{8BE6DAED-7FC8-4234-8F0F-B3C1A13FEC03}.Debug|x64.ActiveCfg = Debug|x64
		{8BE6DAED-7FC8-4234-8F0F-B3C1A13FEC03}.Debug|x64.Build.0 = Debug|x64
		{8BE6DAED-7FC8-4234-8F0F-B3C1A13FEC03}.Debug|x86.ActiveCfg = Debug|Win32
		{8BE6DAED-7FC8-4234-8F0F-B3C1A13FEC03}.Debug|x86.Build.0 = Debug|Win32
		{8BE6DAED-7FC8-4234-8F0F-B3C1A13FEC03}.Release|x64.ActiveCfg = Release|x64
		{8BE6DAED-7FC8-4234-8F0F-B3C1A13FEC03}.Release|x64.Build.0 = Release|x64
		{8BE6DAED-7FC8-4234-8F0F-B3C1A13FEC03}.Release|x86.ActiveCfg = Release|Win32
		{8BE6DAED-7FC8-4234-8F0F-B3C1A13FEC03}.Release|x86.Build.0 = Release|Win32
		{63F38659-A757-4CBE-B92D-A9FEE1E1D5CF}.Debug|x64.ActiveCfg = Debug|x64
		{63F38659-A757-4CBE-B92D-A9FEE1E1D5CF}.Debug|x64.Build.0 = Debug|x64
		{63F38659-A757-4CBE-B92D-A9FEE1E1D5CF}.Debug|x86.ActiveCfg = Debug|Win32
		{63F38659-A757-4CBE-B92D-A9FEE1E1D5CF}.Debug|x86.Build.0 = Debug|Win32
		{63F38659-A757-4CBE-B92D-A9FEE1E1D5CF}.Release|x64.ActiveCfg = Release|x64
		{63F38659-A757-4CBE-B92D-A9FEE1E1D5CF}.Release|x64.Build.0 = Release|x64
		{63F38659-A757-4CBE-B92D-A9FEE1E1D5CF}.Release|x86.ActiveCfg = Release|Win32
		{63F38659-A757-4CBE-B92D-A9FEE1E1D5CF}.Release|x86.Build.0 = Release|Win32
	EndGlobalSection
	GlobalSection(SolutionProperties) = preSolution
		HideSolutionNode = FALSE
	EndGlobalSection
	GlobalSection(NestedProjects) = preSolution
		{C5300296-1498-466C-A585-9A0A14083630} = {E8D478BE-82E7-426E-860F-3AF376FFEBF0}
	EndGlobalSection
EndGlobal
