<?xml version="1.0" encoding="utf-8"?>
<Project ToolsVersion="4.0" xmlns="http://schemas.microsoft.com/developer/msbuild/2003">
  <ItemGroup>
    <Filter Include="Util">
      <UniqueIdentifier>{552296db-0d26-405c-a6c3-f03beee73e45}</UniqueIdentifier>
    </Filter>
    <Filter Include="DumpParse">
      <UniqueIdentifier>{03ea08ce-870f-483f-8203-534f9ef64292}</UniqueIdentifier>
    </Filter>
    <Filter Include="Main">
      <UniqueIdentifier>{1bbcd625-b6f1-477a-854c-d36619d685df}</UniqueIdentifier>
    </Filter>
  </ItemGroup>
  <ItemGroup>
    <ClCompile Include="Util.c">
      <Filter>Util</Filter>
    </ClCompile>
    <ClCompile Include="DumpParse.c">
      <Filter>DumpParse</Filter>
    </ClCompile>
    <ClCompile Include="DbgEngGuids.c">
      <Filter>DumpParse</Filter>
    </ClCompile>
    <ClCompile Include="Main.c">
      <Filter>Main</Filter>
    </ClCompile>
  </ItemGroup>
  <ItemGroup>
    <ClInclude Include="Util.h">
      <Filter>Util</Filter>
    </ClInclude>
    <ClInclude Include="Precomp.h" />
    <ClInclude Include="DumpParse.h">
      <Filter>DumpParse</Filter>
    </ClInclude>
    <ClInclude Include="Main_Internal.h">
      <Filter>Main</Filter>
    </ClInclude>
  </ItemGroup>
</Project>